
Microsoft Visual Studio Solution File, Format Version 11.00
# Visual Studio 2010
Project("{FAE04EC0-301F-11D3-BF4B-00C04F79EFBC}") = "Mechadrone1", "Mechadrone1\Mechadrone1\Mechadrone1.csproj", "{44E4EBA8-D4F9-474F-A351-FD6028A759BA}"
EndProject
Project("{FAE04EC0-301F-11D3-BF4B-00C04F79EFBC}") = "Mechadrone1Content", "Mechadrone1\Mechadrone1Content\Mechadrone1Content.contentproj", "{1F7F8E85-99C2-40F0-9562-11C7A8E83EF0}"
EndProject
Project("{FAE04EC0-301F-11D3-BF4B-00C04F79EFBC}") = "Skelemator", "Skelemator\Skelemator.csproj", "{C6A308A7-1781-4699-A993-B8C7643891AF}"
EndProject
Project("{FAE04EC0-301F-11D3-BF4B-00C04F79EFBC}") = "SkelematorPipeline", "SkelematorPipeline\SkelematorPipeline.csproj", "{3DC6E654-79CE-4258-A633-E0B24A6AA48A}"
EndProject
Project("{FAE04EC0-301F-11D3-BF4B-00C04F79EFBC}") = "Manifracture", "Manifracture\Manifracture.csproj", "{D26A9930-6434-4A3B-B56F-C93C2710FDD1}"
EndProject
Project("{FAE04EC0-301F-11D3-BF4B-00C04F79EFBC}") = "SlagformCommon", "SlagformCommon\SlagformCommon.csproj", "{8F94C145-E7DD-47F5-912E-3D2311CDB8AF}"
EndProject
Project("{FAE04EC0-301F-11D3-BF4B-00C04F79EFBC}") = "Skelemator_Xbox360", "Skelemator\Skelemator_Xbox360.csproj", "{74BB1BE3-8BC8-4D28-929E-EA660510B625}"
EndProject
Project("{FAE04EC0-301F-11D3-BF4B-00C04F79EFBC}") = "Manifracture_Xbox360", "Manifracture\Manifracture_Xbox360.csproj", "{DC797127-CA22-4418-9498-285369AFA55A}"
EndProject
Project("{FAE04EC0-301F-11D3-BF4B-00C04F79EFBC}") = "SlagformCommon_Xbox360", "SlagformCommon\SlagformCommon_Xbox360.csproj", "{C2D25A8A-A14B-4F95-B722-FD3AB5A4A985}"
EndProject
Project("{FAE04EC0-301F-11D3-BF4B-00C04F79EFBC}") = "Mechadrone1_Xbox360", "Mechadrone1\Mechadrone1\Mechadrone1_Xbox360.csproj", "{ED697E71-0779-4811-BEC4-3524F029138F}"
EndProject
Global
	GlobalSection(SolutionConfigurationPlatforms) = preSolution
		Debug|Mixed Platforms = Debug|Mixed Platforms
		Debug|x86 = Debug|x86
		Debug|Xbox 360 = Debug|Xbox 360
		Release|Mixed Platforms = Release|Mixed Platforms
		Release|x86 = Release|x86
		Release|Xbox 360 = Release|Xbox 360
	EndGlobalSection
	GlobalSection(ProjectConfigurationPlatforms) = postSolution
		{44E4EBA8-D4F9-474F-A351-FD6028A759BA}.Debug|Mixed Platforms.ActiveCfg = Debug|x86
		{44E4EBA8-D4F9-474F-A351-FD6028A759BA}.Debug|Mixed Platforms.Build.0 = Debug|x86
		{44E4EBA8-D4F9-474F-A351-FD6028A759BA}.Debug|x86.ActiveCfg = Debug|x86
		{44E4EBA8-D4F9-474F-A351-FD6028A759BA}.Debug|x86.Build.0 = Debug|x86
		{44E4EBA8-D4F9-474F-A351-FD6028A759BA}.Debug|Xbox 360.ActiveCfg = Debug|x86
		{44E4EBA8-D4F9-474F-A351-FD6028A759BA}.Debug|Xbox 360.Build.0 = Debug|x86
		{44E4EBA8-D4F9-474F-A351-FD6028A759BA}.Release|Mixed Platforms.ActiveCfg = Release|x86
		{44E4EBA8-D4F9-474F-A351-FD6028A759BA}.Release|Mixed Platforms.Build.0 = Release|x86
		{44E4EBA8-D4F9-474F-A351-FD6028A759BA}.Release|x86.ActiveCfg = Release|x86
		{44E4EBA8-D4F9-474F-A351-FD6028A759BA}.Release|x86.Build.0 = Release|x86
		{44E4EBA8-D4F9-474F-A351-FD6028A759BA}.Release|Xbox 360.ActiveCfg = Release|x86
		{44E4EBA8-D4F9-474F-A351-FD6028A759BA}.Release|Xbox 360.Build.0 = Release|x86
		{1F7F8E85-99C2-40F0-9562-11C7A8E83EF0}.Debug|Mixed Platforms.ActiveCfg = Debug|x86
		{1F7F8E85-99C2-40F0-9562-11C7A8E83EF0}.Debug|x86.ActiveCfg = Debug|x86
		{1F7F8E85-99C2-40F0-9562-11C7A8E83EF0}.Debug|Xbox 360.ActiveCfg = Debug|x86
		{1F7F8E85-99C2-40F0-9562-11C7A8E83EF0}.Release|Mixed Platforms.ActiveCfg = Release|x86
		{1F7F8E85-99C2-40F0-9562-11C7A8E83EF0}.Release|x86.ActiveCfg = Release|x86
		{1F7F8E85-99C2-40F0-9562-11C7A8E83EF0}.Release|Xbox 360.ActiveCfg = Release|x86
		{C6A308A7-1781-4699-A993-B8C7643891AF}.Debug|Mixed Platforms.ActiveCfg = Debug|x86
		{C6A308A7-1781-4699-A993-B8C7643891AF}.Debug|Mixed Platforms.Build.0 = Debug|x86
		{C6A308A7-1781-4699-A993-B8C7643891AF}.Debug|x86.ActiveCfg = Debug|x86
		{C6A308A7-1781-4699-A993-B8C7643891AF}.Debug|x86.Build.0 = Debug|x86
		{C6A308A7-1781-4699-A993-B8C7643891AF}.Debug|Xbox 360.ActiveCfg = Debug|x86
		{C6A308A7-1781-4699-A993-B8C7643891AF}.Debug|Xbox 360.Build.0 = Debug|x86
		{C6A308A7-1781-4699-A993-B8C7643891AF}.Release|Mixed Platforms.ActiveCfg = Release|x86
		{C6A308A7-1781-4699-A993-B8C7643891AF}.Release|Mixed Platforms.Build.0 = Release|x86
		{C6A308A7-1781-4699-A993-B8C7643891AF}.Release|x86.ActiveCfg = Release|x86
		{C6A308A7-1781-4699-A993-B8C7643891AF}.Release|x86.Build.0 = Release|x86
		{C6A308A7-1781-4699-A993-B8C7643891AF}.Release|Xbox 360.ActiveCfg = Release|x86
		{C6A308A7-1781-4699-A993-B8C7643891AF}.Release|Xbox 360.Build.0 = Release|x86
		{3DC6E654-79CE-4258-A633-E0B24A6AA48A}.Debug|Mixed Platforms.ActiveCfg = Debug|x86
		{3DC6E654-79CE-4258-A633-E0B24A6AA48A}.Debug|Mixed Platforms.Build.0 = Debug|x86
		{3DC6E654-79CE-4258-A633-E0B24A6AA48A}.Debug|x86.ActiveCfg = Debug|x86
		{3DC6E654-79CE-4258-A633-E0B24A6AA48A}.Debug|x86.Build.0 = Debug|x86
		{3DC6E654-79CE-4258-A633-E0B24A6AA48A}.Debug|Xbox 360.ActiveCfg = Debug|x86
		{3DC6E654-79CE-4258-A633-E0B24A6AA48A}.Debug|Xbox 360.Build.0 = Debug|x86
		{3DC6E654-79CE-4258-A633-E0B24A6AA48A}.Release|Mixed Platforms.ActiveCfg = Release|x86
		{3DC6E654-79CE-4258-A633-E0B24A6AA48A}.Release|Mixed Platforms.Build.0 = Release|x86
		{3DC6E654-79CE-4258-A633-E0B24A6AA48A}.Release|x86.ActiveCfg = Release|x86
		{3DC6E654-79CE-4258-A633-E0B24A6AA48A}.Release|x86.Build.0 = Release|x86
		{3DC6E654-79CE-4258-A633-E0B24A6AA48A}.Release|Xbox 360.ActiveCfg = Release|x86
		{3DC6E654-79CE-4258-A633-E0B24A6AA48A}.Release|Xbox 360.Build.0 = Release|x86
		{D26A9930-6434-4A3B-B56F-C93C2710FDD1}.Debug|Mixed Platforms.ActiveCfg = Debug|x86
		{D26A9930-6434-4A3B-B56F-C93C2710FDD1}.Debug|Mixed Platforms.Build.0 = Debug|x86
		{D26A9930-6434-4A3B-B56F-C93C2710FDD1}.Debug|x86.ActiveCfg = Debug|x86
		{D26A9930-6434-4A3B-B56F-C93C2710FDD1}.Debug|x86.Build.0 = Debug|x86
		{D26A9930-6434-4A3B-B56F-C93C2710FDD1}.Debug|Xbox 360.ActiveCfg = Debug|x86
		{D26A9930-6434-4A3B-B56F-C93C2710FDD1}.Debug|Xbox 360.Build.0 = Debug|x86
		{D26A9930-6434-4A3B-B56F-C93C2710FDD1}.Release|Mixed Platforms.ActiveCfg = Release|x86
		{D26A9930-6434-4A3B-B56F-C93C2710FDD1}.Release|Mixed Platforms.Build.0 = Release|x86
		{D26A9930-6434-4A3B-B56F-C93C2710FDD1}.Release|x86.ActiveCfg = Release|x86
		{D26A9930-6434-4A3B-B56F-C93C2710FDD1}.Release|x86.Build.0 = Release|x86
		{D26A9930-6434-4A3B-B56F-C93C2710FDD1}.Release|Xbox 360.ActiveCfg = Release|x86
		{D26A9930-6434-4A3B-B56F-C93C2710FDD1}.Release|Xbox 360.Build.0 = Release|x86
		{8F94C145-E7DD-47F5-912E-3D2311CDB8AF}.Debug|Mixed Platforms.ActiveCfg = Debug|x86
		{8F94C145-E7DD-47F5-912E-3D2311CDB8AF}.Debug|Mixed Platforms.Build.0 = Debug|x86
		{8F94C145-E7DD-47F5-912E-3D2311CDB8AF}.Debug|x86.ActiveCfg = Debug|x86
		{8F94C145-E7DD-47F5-912E-3D2311CDB8AF}.Debug|x86.Build.0 = Debug|x86
		{8F94C145-E7DD-47F5-912E-3D2311CDB8AF}.Debug|Xbox 360.ActiveCfg = Debug|x86
		{8F94C145-E7DD-47F5-912E-3D2311CDB8AF}.Debug|Xbox 360.Build.0 = Debug|x86
		{8F94C145-E7DD-47F5-912E-3D2311CDB8AF}.Release|Mixed Platforms.ActiveCfg = Release|x86
		{8F94C145-E7DD-47F5-912E-3D2311CDB8AF}.Release|Mixed Platforms.Build.0 = Release|x86
		{8F94C145-E7DD-47F5-912E-3D2311CDB8AF}.Release|x86.ActiveCfg = Release|x86
		{8F94C145-E7DD-47F5-912E-3D2311CDB8AF}.Release|x86.Build.0 = Release|x86
		{8F94C145-E7DD-47F5-912E-3D2311CDB8AF}.Release|Xbox 360.ActiveCfg = Release|x86
		{8F94C145-E7DD-47F5-912E-3D2311CDB8AF}.Release|Xbox 360.Build.0 = Release|x86
		{74BB1BE3-8BC8-4D28-929E-EA660510B625}.Debug|Mixed Platforms.ActiveCfg = Debug|Xbox 360
		{74BB1BE3-8BC8-4D28-929E-EA660510B625}.Debug|Mixed Platforms.Build.0 = Debug|Xbox 360
		{74BB1BE3-8BC8-4D28-929E-EA660510B625}.Debug|x86.ActiveCfg = Debug|Xbox 360
		{74BB1BE3-8BC8-4D28-929E-EA660510B625}.Debug|Xbox 360.ActiveCfg = Debug|Xbox 360
		{74BB1BE3-8BC8-4D28-929E-EA660510B625}.Debug|Xbox 360.Build.0 = Debug|Xbox 360
		{74BB1BE3-8BC8-4D28-929E-EA660510B625}.Release|Mixed Platforms.ActiveCfg = Release|Xbox 360
		{74BB1BE3-8BC8-4D28-929E-EA660510B625}.Release|Mixed Platforms.Build.0 = Release|Xbox 360
		{74BB1BE3-8BC8-4D28-929E-EA660510B625}.Release|x86.ActiveCfg = Release|Xbox 360
		{74BB1BE3-8BC8-4D28-929E-EA660510B625}.Release|Xbox 360.ActiveCfg = Release|Xbox 360
		{74BB1BE3-8BC8-4D28-929E-EA660510B625}.Release|Xbox 360.Build.0 = Release|Xbox 360
		{DC797127-CA22-4418-9498-285369AFA55A}.Debug|Mixed Platforms.ActiveCfg = Debug|Xbox 360
		{DC797127-CA22-4418-9498-285369AFA55A}.Debug|Mixed Platforms.Build.0 = Debug|Xbox 360
		{DC797127-CA22-4418-9498-285369AFA55A}.Debug|x86.ActiveCfg = Debug|Xbox 360
		{DC797127-CA22-4418-9498-285369AFA55A}.Debug|Xbox 360.ActiveCfg = Debug|Xbox 360
		{DC797127-CA22-4418-9498-285369AFA55A}.Debug|Xbox 360.Build.0 = Debug|Xbox 360
		{DC797127-CA22-4418-9498-285369AFA55A}.Release|Mixed Platforms.ActiveCfg = Release|Xbox 360
		{DC797127-CA22-4418-9498-285369AFA55A}.Release|Mixed Platforms.Build.0 = Release|Xbox 360
		{DC797127-CA22-4418-9498-285369AFA55A}.Release|x86.ActiveCfg = Release|Xbox 360
		{DC797127-CA22-4418-9498-285369AFA55A}.Release|Xbox 360.ActiveCfg = Release|Xbox 360
		{DC797127-CA22-4418-9498-285369AFA55A}.Release|Xbox 360.Build.0 = Release|Xbox 360
		{C2D25A8A-A14B-4F95-B722-FD3AB5A4A985}.Debug|Mixed Platforms.ActiveCfg = Debug|Xbox 360
		{C2D25A8A-A14B-4F95-B722-FD3AB5A4A985}.Debug|Mixed Platforms.Build.0 = Debug|Xbox 360
		{C2D25A8A-A14B-4F95-B722-FD3AB5A4A985}.Debug|x86.ActiveCfg = Debug|Xbox 360
		{C2D25A8A-A14B-4F95-B722-FD3AB5A4A985}.Debug|Xbox 360.ActiveCfg = Debug|Xbox 360
		{C2D25A8A-A14B-4F95-B722-FD3AB5A4A985}.Debug|Xbox 360.Build.0 = Debug|Xbox 360
		{C2D25A8A-A14B-4F95-B722-FD3AB5A4A985}.Release|Mixed Platforms.ActiveCfg = Release|Xbox 360
		{C2D25A8A-A14B-4F95-B722-FD3AB5A4A985}.Release|Mixed Platforms.Build.0 = Release|Xbox 360
		{C2D25A8A-A14B-4F95-B722-FD3AB5A4A985}.Release|x86.ActiveCfg = Release|Xbox 360
		{C2D25A8A-A14B-4F95-B722-FD3AB5A4A985}.Release|Xbox 360.ActiveCfg = Release|Xbox 360
		{C2D25A8A-A14B-4F95-B722-FD3AB5A4A985}.Release|Xbox 360.Build.0 = Release|Xbox 360
		{ED697E71-0779-4811-BEC4-3524F029138F}.Debug|Mixed Platforms.ActiveCfg = Debug|Xbox 360
		{ED697E71-0779-4811-BEC4-3524F029138F}.Debug|Mixed Platforms.Build.0 = Debug|Xbox 360
		{ED697E71-0779-4811-BEC4-3524F029138F}.Debug|Mixed Platforms.Deploy.0 = Debug|Xbox 360
		{ED697E71-0779-4811-BEC4-3524F029138F}.Debug|x86.ActiveCfg = Debug|Xbox 360
		{ED697E71-0779-4811-BEC4-3524F029138F}.Debug|Xbox 360.ActiveCfg = Debug|Xbox 360
		{ED697E71-0779-4811-BEC4-3524F029138F}.Debug|Xbox 360.Build.0 = Debug|Xbox 360
		{ED697E71-0779-4811-BEC4-3524F029138F}.Debug|Xbox 360.Deploy.0 = Debug|Xbox 360
		{ED697E71-0779-4811-BEC4-3524F029138F}.Release|Mixed Platforms.ActiveCfg = Release|Xbox 360
		{ED697E71-0779-4811-BEC4-3524F029138F}.Release|Mixed Platforms.Build.0 = Release|Xbox 360
		{ED697E71-0779-4811-BEC4-3524F029138F}.Release|Mixed Platforms.Deploy.0 = Release|Xbox 360
		{ED697E71-0779-4811-BEC4-3524F029138F}.Release|x86.ActiveCfg = Release|Xbox 360
		{ED697E71-0779-4811-BEC4-3524F029138F}.Release|Xbox 360.ActiveCfg = Release|Xbox 360
		{ED697E71-0779-4811-BEC4-3524F029138F}.Release|Xbox 360.Build.0 = Release|Xbox 360
		{ED697E71-0779-4811-BEC4-3524F029138F}.Release|Xbox 360.Deploy.0 = Release|Xbox 360
	EndGlobalSection
	GlobalSection(SolutionProperties) = preSolution
		HideSolutionNode = FALSE
	EndGlobalSection
EndGlobal
